
Microsoft Visual Studio Solution File, Format Version 12.00
# Visual Studio 15
Project("{FAE04EC0-301F-11D3-BF4B-00C04F79EFBC}") = "DisplayStationBoard", "DisplayStationBoard.csproj", "{AC62369D-FBA8-7EAB-A0CE-D3DC13711880}"
EndProject
Project("{FAE04EC0-301F-11D3-BF4B-00C04F79EFBC}") = "DisplayStationBoard.Editor", "DisplayStationBoard.Editor.csproj", "{465F0A15-00DD-9369-981B-B088B9EC243A}"
EndProject
Global
	GlobalSection(SolutionConfigurationPlatforms) = preSolution
		Debug|Any CPU = Debug|Any CPU
		Release|Any CPU = Release|Any CPU
	EndGlobalSection
	GlobalSection(ProjectConfigurationPlatforms) = postSolution
		{AC62369D-FBA8-7EAB-A0CE-D3DC13711880}.Debug|Any CPU.ActiveCfg = Debug|Any CPU
		{AC62369D-FBA8-7EAB-A0CE-D3DC13711880}.Debug|Any CPU.Build.0 = Debug|Any CPU
		{AC62369D-FBA8-7EAB-A0CE-D3DC13711880}.Release|Any CPU.ActiveCfg = Release|Any CPU
		{AC62369D-FBA8-7EAB-A0CE-D3DC13711880}.Release|Any CPU.Build.0 = Release|Any CPU
		{465F0A15-00DD-9369-981B-B088B9EC243A}.Debug|Any CPU.ActiveCfg = Debug|Any CPU
		{465F0A15-00DD-9369-981B-B088B9EC243A}.Debug|Any CPU.Build.0 = Debug|Any CPU
		{465F0A15-00DD-9369-981B-B088B9EC243A}.Release|Any CPU.ActiveCfg = Release|Any CPU
		{465F0A15-00DD-9369-981B-B088B9EC243A}.Release|Any CPU.Build.0 = Release|Any CPU
	EndGlobalSection
	GlobalSection(SolutionProperties) = preSolution
		HideSolutionNode = FALSE
	EndGlobalSection
EndGlobal
